// !$*UTF8*$!
{
	archiveVersion = 1;
	classes = {
	};
	objectVersion = 56;
	objects = {

/* Begin PBXBuildFile section */
		CE2CA2E12B4056B0003CAFD7 /* CONQUERApp.swift in Sources */ = {isa = PBXBuildFile; fileRef = CE2CA2E02B4056B0003CAFD7 /* CONQUERApp.swift */; };
		CE2CA2E32B4056B0003CAFD7 /* ContentView.swift in Sources */ = {isa = PBXBuildFile; fileRef = CE2CA2E22B4056B0003CAFD7 /* ContentView.swift */; };
		CE2CA2E52B4056B0003CAFD7 /* Item.swift in Sources */ = {isa = PBXBuildFile; fileRef = CE2CA2E42B4056B0003CAFD7 /* Item.swift */; };
		CE2CA2E72B4056B0003CAFD7 /* Assets.xcassets in Resources */ = {isa = PBXBuildFile; fileRef = CE2CA2E62B4056B0003CAFD7 /* Assets.xcassets */; };
		CE2CA2EB2B4056B0003CAFD7 /* Preview Assets.xcassets in Resources */ = {isa = PBXBuildFile; fileRef = CE2CA2EA2B4056B0003CAFD7 /* Preview Assets.xcassets */; };
		CE2CA2F62B4056B1003CAFD7 /* CONQUERTests.swift in Sources */ = {isa = PBXBuildFile; fileRef = CE2CA2F52B4056B1003CAFD7 /* CONQUERTests.swift */; };
		CE2CA3002B4056B1003CAFD7 /* CONQUERUITests.swift in Sources */ = {isa = PBXBuildFile; fileRef = CE2CA2FF2B4056B1003CAFD7 /* CONQUERUITests.swift */; };
		CE2CA3022B4056B1003CAFD7 /* CONQUERUITestsLaunchTests.swift in Sources */ = {isa = PBXBuildFile; fileRef = CE2CA3012B4056B1003CAFD7 /* CONQUERUITestsLaunchTests.swift */; };
		CE2CA30F2B4066B1003CAFD7 /* todaystodoview.swift in Sources */ = {isa = PBXBuildFile; fileRef = CE2CA30E2B4066B1003CAFD7 /* todaystodoview.swift */; };
/* End PBXBuildFile section */

/* Begin PBXContainerItemProxy section */
		CE2CA2F22B4056B1003CAFD7 /* PBXContainerItemProxy */ = {
			isa = PBXContainerItemProxy;
			containerPortal = CE2CA2D52B4056AF003CAFD7 /* Project object */;
			proxyType = 1;
			remoteGlobalIDString = CE2CA2DC2B4056AF003CAFD7;
			remoteInfo = CONQUER;
		};
		CE2CA2FC2B4056B1003CAFD7 /* PBXContainerItemProxy */ = {
			isa = PBXContainerItemProxy;
			containerPortal = CE2CA2D52B4056AF003CAFD7 /* Project object */;
			proxyType = 1;
			remoteGlobalIDString = CE2CA2DC2B4056AF003CAFD7;
			remoteInfo = CONQUER;
		};
/* End PBXContainerItemProxy section */

/* Begin PBXFileReference section */
		CE2CA2DD2B4056B0003CAFD7 /* CONQUER.app */ = {isa = PBXFileReference; explicitFileType = wrapper.application; includeInIndex = 0; path = CONQUER.app; sourceTree = BUILT_PRODUCTS_DIR; };
		CE2CA2E02B4056B0003CAFD7 /* CONQUERApp.swift */ = {isa = PBXFileReference; lastKnownFileType = sourcecode.swift; path = CONQUERApp.swift; sourceTree = "<group>"; };
		CE2CA2E22B4056B0003CAFD7 /* ContentView.swift */ = {isa = PBXFileReference; lastKnownFileType = sourcecode.swift; path = ContentView.swift; sourceTree = "<group>"; };
		CE2CA2E42B4056B0003CAFD7 /* Item.swift */ = {isa = PBXFileReference; lastKnownFileType = sourcecode.swift; path = Item.swift; sourceTree = "<group>"; };
		CE2CA2E62B4056B0003CAFD7 /* Assets.xcassets */ = {isa = PBXFileReference; lastKnownFileType = folder.assetcatalog; path = Assets.xcassets; sourceTree = "<group>"; };
		CE2CA2E82B4056B0003CAFD7 /* CONQUER.entitlements */ = {isa = PBXFileReference; lastKnownFileType = text.plist.entitlements; path = CONQUER.entitlements; sourceTree = "<group>"; };
		CE2CA2EA2B4056B0003CAFD7 /* Preview Assets.xcassets */ = {isa = PBXFileReference; lastKnownFileType = folder.assetcatalog; path = "Preview Assets.xcassets"; sourceTree = "<group>"; };
		CE2CA2EC2B4056B0003CAFD7 /* Info.plist */ = {isa = PBXFileReference; lastKnownFileType = text.plist.xml; path = Info.plist; sourceTree = "<group>"; };
		CE2CA2F12B4056B1003CAFD7 /* CONQUERTests.xctest */ = {isa = PBXFileReference; explicitFileType = wrapper.cfbundle; includeInIndex = 0; path = CONQUERTests.xctest; sourceTree = BUILT_PRODUCTS_DIR; };
		CE2CA2F52B4056B1003CAFD7 /* CONQUERTests.swift */ = {isa = PBXFileReference; lastKnownFileType = sourcecode.swift; path = CONQUERTests.swift; sourceTree = "<group>"; };
		CE2CA2FB2B4056B1003CAFD7 /* CONQUERUITests.xctest */ = {isa = PBXFileReference; explicitFileType = wrapper.cfbundle; includeInIndex = 0; path = CONQUERUITests.xctest; sourceTree = BUILT_PRODUCTS_DIR; };
		CE2CA2FF2B4056B1003CAFD7 /* CONQUERUITests.swift */ = {isa = PBXFileReference; lastKnownFileType = sourcecode.swift; path = CONQUERUITests.swift; sourceTree = "<group>"; };
		CE2CA3012B4056B1003CAFD7 /* CONQUERUITestsLaunchTests.swift */ = {isa = PBXFileReference; lastKnownFileType = sourcecode.swift; path = CONQUERUITestsLaunchTests.swift; sourceTree = "<group>"; };
		CE2CA30E2B4066B1003CAFD7 /* todaystodoview.swift */ = {isa = PBXFileReference; lastKnownFileType = sourcecode.swift; path = todaystodoview.swift; sourceTree = "<group>"; };
/* End PBXFileReference section */

/* Begin PBXFrameworksBuildPhase section */
		CE2CA2DA2B4056AF003CAFD7 /* Frameworks */ = {
			isa = PBXFrameworksBuildPhase;
			buildActionMask = 2147483647;
			files = (
			);
			runOnlyForDeploymentPostprocessing = 0;
		};
		CE2CA2EE2B4056B1003CAFD7 /* Frameworks */ = {
			isa = PBXFrameworksBuildPhase;
			buildActionMask = 2147483647;
			files = (
			);
			runOnlyForDeploymentPostprocessing = 0;
		};
		CE2CA2F82B4056B1003CAFD7 /* Frameworks */ = {
			isa = PBXFrameworksBuildPhase;
			buildActionMask = 2147483647;
			files = (
			);
			runOnlyForDeploymentPostprocessing = 0;
		};
/* End PBXFrameworksBuildPhase section */

/* Begin PBXGroup section */
		CE2CA2D42B4056AF003CAFD7 = {
			isa = PBXGroup;
			children = (
				CE2CA2DF2B4056B0003CAFD7 /* CONQUER */,
				CE2CA2F42B4056B1003CAFD7 /* CONQUERTests */,
				CE2CA2FE2B4056B1003CAFD7 /* CONQUERUITests */,
				CE2CA2DE2B4056B0003CAFD7 /* Products */,
			);
			sourceTree = "<group>";
		};
		CE2CA2DE2B4056B0003CAFD7 /* Products */ = {
			isa = PBXGroup;
			children = (
				CE2CA2DD2B4056B0003CAFD7 /* CONQUER.app */,
				CE2CA2F12B4056B1003CAFD7 /* CONQUERTests.xctest */,
				CE2CA2FB2B4056B1003CAFD7 /* CONQUERUITests.xctest */,
			);
			name = Products;
			sourceTree = "<group>";
		};
		CE2CA2DF2B4056B0003CAFD7 /* CONQUER */ = {
			isa = PBXGroup;
			children = (
				CE2CA2E02B4056B0003CAFD7 /* CONQUERApp.swift */,
				CE2CA2E22B4056B0003CAFD7 /* ContentView.swift */,
				CE2CA2E42B4056B0003CAFD7 /* Item.swift */,
				CE2CA2E62B4056B0003CAFD7 /* Assets.xcassets */,
				CE2CA2E82B4056B0003CAFD7 /* CONQUER.entitlements */,
				CE2CA2EC2B4056B0003CAFD7 /* Info.plist */,
				CE2CA2E92B4056B0003CAFD7 /* Preview Content */,
				CE2CA30E2B4066B1003CAFD7 /* todaystodoview.swift */,
			);
			path = CONQUER;
			sourceTree = "<group>";
		};
		CE2CA2E92B4056B0003CAFD7 /* Preview Content */ = {
			isa = PBXGroup;
			children = (
				CE2CA2EA2B4056B0003CAFD7 /* Preview Assets.xcassets */,
			);
			path = "Preview Content";
			sourceTree = "<group>";
		};
		CE2CA2F42B4056B1003CAFD7 /* CONQUERTests */ = {
			isa = PBXGroup;
			children = (
				CE2CA2F52B4056B1003CAFD7 /* CONQUERTests.swift */,
			);
			path = CONQUERTests;
			sourceTree = "<group>";
		};
		CE2CA2FE2B4056B1003CAFD7 /* CONQUERUITests */ = {
			isa = PBXGroup;
			children = (
				CE2CA2FF2B4056B1003CAFD7 /* CONQUERUITests.swift */,
				CE2CA3012B4056B1003CAFD7 /* CONQUERUITestsLaunchTests.swift */,
			);
			path = CONQUERUITests;
			sourceTree = "<group>";
		};
/* End PBXGroup section */

/* Begin PBXNativeTarget section */
		CE2CA2DC2B4056AF003CAFD7 /* CONQUER */ = {
			isa = PBXNativeTarget;
			buildConfigurationList = CE2CA3052B4056B1003CAFD7 /* Build configuration list for PBXNativeTarget "CONQUER" */;
			buildPhases = (
				CE2CA2D92B4056AF003CAFD7 /* Sources */,
				CE2CA2DA2B4056AF003CAFD7 /* Frameworks */,
				CE2CA2DB2B4056AF003CAFD7 /* Resources */,
			);
			buildRules = (
			);
			dependencies = (
			);
			name = CONQUER;
			productName = CONQUER;
			productReference = CE2CA2DD2B4056B0003CAFD7 /* CONQUER.app */;
			productType = "com.apple.product-type.application";
		};
		CE2CA2F02B4056B1003CAFD7 /* CONQUERTests */ = {
			isa = PBXNativeTarget;
			buildConfigurationList = CE2CA3082B4056B1003CAFD7 /* Build configuration list for PBXNativeTarget "CONQUERTests" */;
			buildPhases = (
				CE2CA2ED2B4056B1003CAFD7 /* Sources */,
				CE2CA2EE2B4056B1003CAFD7 /* Frameworks */,
				CE2CA2EF2B4056B1003CAFD7 /* Resources */,
			);
			buildRules = (
			);
			dependencies = (
				CE2CA2F32B4056B1003CAFD7 /* PBXTargetDependency */,
			);
			name = CONQUERTests;
			productName = CONQUERTests;
			productReference = CE2CA2F12B4056B1003CAFD7 /* CONQUERTests.xctest */;
			productType = "com.apple.product-type.bundle.unit-test";
		};
		CE2CA2FA2B4056B1003CAFD7 /* CONQUERUITests */ = {
			isa = PBXNativeTarget;
			buildConfigurationList = CE2CA30B2B4056B1003CAFD7 /* Build configuration list for PBXNativeTarget "CONQUERUITests" */;
			buildPhases = (
				CE2CA2F72B4056B1003CAFD7 /* Sources */,
				CE2CA2F82B4056B1003CAFD7 /* Frameworks */,
				CE2CA2F92B4056B1003CAFD7 /* Resources */,
			);
			buildRules = (
			);
			dependencies = (
				CE2CA2FD2B4056B1003CAFD7 /* PBXTargetDependency */,
			);
			name = CONQUERUITests;
			productName = CONQUERUITests;
			productReference = CE2CA2FB2B4056B1003CAFD7 /* CONQUERUITests.xctest */;
			productType = "com.apple.product-type.bundle.ui-testing";
		};
/* End PBXNativeTarget section */

/* Begin PBXProject section */
		CE2CA2D52B4056AF003CAFD7 /* Project object */ = {
			isa = PBXProject;
			attributes = {
				BuildIndependentTargetsInParallel = 1;
				LastSwiftUpdateCheck = 1500;
				LastUpgradeCheck = 1500;
				TargetAttributes = {
					CE2CA2DC2B4056AF003CAFD7 = {
						CreatedOnToolsVersion = 15.0;
					};
					CE2CA2F02B4056B1003CAFD7 = {
						CreatedOnToolsVersion = 15.0;
						TestTargetID = CE2CA2DC2B4056AF003CAFD7;
					};
					CE2CA2FA2B4056B1003CAFD7 = {
						CreatedOnToolsVersion = 15.0;
						TestTargetID = CE2CA2DC2B4056AF003CAFD7;
					};
				};
			};
			buildConfigurationList = CE2CA2D82B4056AF003CAFD7 /* Build configuration list for PBXProject "CONQUER" */;
			compatibilityVersion = "Xcode 14.0";
			developmentRegion = en;
			hasScannedForEncodings = 0;
			knownRegions = (
				en,
				Base,
			);
			mainGroup = CE2CA2D42B4056AF003CAFD7;
			productRefGroup = CE2CA2DE2B4056B0003CAFD7 /* Products */;
			projectDirPath = "";
			projectRoot = "";
			targets = (
				CE2CA2DC2B4056AF003CAFD7 /* CONQUER */,
				CE2CA2F02B4056B1003CAFD7 /* CONQUERTests */,
				CE2CA2FA2B4056B1003CAFD7 /* CONQUERUITests */,
			);
		};
/* End PBXProject section */

/* Begin PBXResourcesBuildPhase section */
		CE2CA2DB2B4056AF003CAFD7 /* Resources */ = {
			isa = PBXResourcesBuildPhase;
			buildActionMask = 2147483647;
			files = (
				CE2CA2EB2B4056B0003CAFD7 /* Preview Assets.xcassets in Resources */,
				CE2CA2E72B4056B0003CAFD7 /* Assets.xcassets in Resources */,
			);
			runOnlyForDeploymentPostprocessing = 0;
		};
		CE2CA2EF2B4056B1003CAFD7 /* Resources */ = {
			isa = PBXResourcesBuildPhase;
			buildActionMask = 2147483647;
			files = (
			);
			runOnlyForDeploymentPostprocessing = 0;
		};
		CE2CA2F92B4056B1003CAFD7 /* Resources */ = {
			isa = PBXResourcesBuildPhase;
			buildActionMask = 2147483647;
			files = (
			);
			runOnlyForDeploymentPostprocessing = 0;
		};
/* End PBXResourcesBuildPhase section */

/* Begin PBXSourcesBuildPhase section */
		CE2CA2D92B4056AF003CAFD7 /* Sources */ = {
			isa = PBXSourcesBuildPhase;
			buildActionMask = 2147483647;
			files = (
				CE2CA30F2B4066B1003CAFD7 /* todaystodoview.swift in Sources */,
				CE2CA2E32B4056B0003CAFD7 /* ContentView.swift in Sources */,
				CE2CA2E52B4056B0003CAFD7 /* Item.swift in Sources */,
				CE2CA2E12B4056B0003CAFD7 /* CONQUERApp.swift in Sources */,
			);
			runOnlyForDeploymentPostprocessing = 0;
		};
		CE2CA2ED2B4056B1003CAFD7 /* Sources */ = {
			isa = PBXSourcesBuildPhase;
			buildActionMask = 2147483647;
			files = (
				CE2CA2F62B4056B1003CAFD7 /* CONQUERTests.swift in Sources */,
			);
			runOnlyForDeploymentPostprocessing = 0;
		};
		CE2CA2F72B4056B1003CAFD7 /* Sources */ = {
			isa = PBXSourcesBuildPhase;
			buildActionMask = 2147483647;
			files = (
				CE2CA3022B4056B1003CAFD7 /* CONQUERUITestsLaunchTests.swift in Sources */,
				CE2CA3002B4056B1003CAFD7 /* CONQUERUITests.swift in Sources */,
			);
			runOnlyForDeploymentPostprocessing = 0;
		};
/* End PBXSourcesBuildPhase section */

/* Begin PBXTargetDependency section */
		CE2CA2F32B4056B1003CAFD7 /* PBXTargetDependency */ = {
			isa = PBXTargetDependency;
			target = CE2CA2DC2B4056AF003CAFD7 /* CONQUER */;
			targetProxy = CE2CA2F22B4056B1003CAFD7 /* PBXContainerItemProxy */;
		};
		CE2CA2FD2B4056B1003CAFD7 /* PBXTargetDependency */ = {
			isa = PBXTargetDependency;
			target = CE2CA2DC2B4056AF003CAFD7 /* CONQUER */;
			targetProxy = CE2CA2FC2B4056B1003CAFD7 /* PBXContainerItemProxy */;
		};
/* End PBXTargetDependency section */

/* Begin XCBuildConfiguration section */
		CE2CA3032B4056B1003CAFD7 /* Debug */ = {
			isa = XCBuildConfiguration;
			buildSettings = {
				ALWAYS_SEARCH_USER_PATHS = NO;
				ASSETCATALOG_COMPILER_GENERATE_SWIFT_ASSET_SYMBOL_EXTENSIONS = YES;
				CLANG_ANALYZER_NONNULL = YES;
				CLANG_ANALYZER_NUMBER_OBJECT_CONVERSION = YES_AGGRESSIVE;
				CLANG_CXX_LANGUAGE_STANDARD = "gnu++20";
				CLANG_ENABLE_MODULES = YES;
				CLANG_ENABLE_OBJC_ARC = YES;
				CLANG_ENABLE_OBJC_WEAK = YES;
				CLANG_WARN_BLOCK_CAPTURE_AUTORELEASING = YES;
				CLANG_WARN_BOOL_CONVERSION = YES;
				CLANG_WARN_COMMA = YES;
				CLANG_WARN_CONSTANT_CONVERSION = YES;
				CLANG_WARN_DEPRECATED_OBJC_IMPLEMENTATIONS = YES;
				CLANG_WARN_DIRECT_OBJC_ISA_USAGE = YES_ERROR;
				CLANG_WARN_DOCUMENTATION_COMMENTS = YES;
				CLANG_WARN_EMPTY_BODY = YES;
				CLANG_WARN_ENUM_CONVERSION = YES;
				CLANG_WARN_INFINITE_RECURSION = YES;
				CLANG_WARN_INT_CONVERSION = YES;
				CLANG_WARN_NON_LITERAL_NULL_CONVERSION = YES;
				CLANG_WARN_OBJC_IMPLICIT_RETAIN_SELF = YES;
				CLANG_WARN_OBJC_LITERAL_CONVERSION = YES;
				CLANG_WARN_OBJC_ROOT_CLASS = YES_ERROR;
				CLANG_WARN_QUOTED_INCLUDE_IN_FRAMEWORK_HEADER = YES;
				CLANG_WARN_RANGE_LOOP_ANALYSIS = YES;
				CLANG_WARN_STRICT_PROTOTYPES = YES;
				CLANG_WARN_SUSPICIOUS_MOVE = YES;
				CLANG_WARN_UNGUARDED_AVAILABILITY = YES_AGGRESSIVE;
				CLANG_WARN_UNREACHABLE_CODE = YES;
				CLANG_WARN__DUPLICATE_METHOD_MATCH = YES;
				COPY_PHASE_STRIP = NO;
				DEBUG_INFORMATION_FORMAT = dwarf;
				ENABLE_STRICT_OBJC_MSGSEND = YES;
				ENABLE_TESTABILITY = YES;
				ENABLE_USER_SCRIPT_SANDBOXING = YES;
				GCC_C_LANGUAGE_STANDARD = gnu17;
				GCC_DYNAMIC_NO_PIC = NO;
				GCC_NO_COMMON_BLOCKS = YES;
				GCC_OPTIMIZATION_LEVEL = 0;
				GCC_PREPROCESSOR_DEFINITIONS = (
					"DEBUG=1",
					"$(inherited)",
				);
				GCC_WARN_64_TO_32_BIT_CONVERSION = YES;
				GCC_WARN_ABOUT_RETURN_TYPE = YES_ERROR;
				GCC_WARN_UNDECLARED_SELECTOR = YES;
				GCC_WARN_UNINITIALIZED_AUTOS = YES_AGGRESSIVE;
				GCC_WARN_UNUSED_FUNCTION = YES;
				GCC_WARN_UNUSED_VARIABLE = YES;
				LOCALIZATION_PREFERS_STRING_CATALOGS = YES;
				MTL_ENABLE_DEBUG_INFO = INCLUDE_SOURCE;
				MTL_FAST_MATH = YES;
				ONLY_ACTIVE_ARCH = YES;
				SWIFT_ACTIVE_COMPILATION_CONDITIONS = "DEBUG $(inherited)";
				SWIFT_OPTIMIZATION_LEVEL = "-Onone";
			};
			name = Debug;
		};
		CE2CA3042B4056B1003CAFD7 /* Release */ = {
			isa = XCBuildConfiguration;
			buildSettings = {
				ALWAYS_SEARCH_USER_PATHS = NO;
				ASSETCATALOG_COMPILER_GENERATE_SWIFT_ASSET_SYMBOL_EXTENSIONS = YES;
				CLANG_ANALYZER_NONNULL = YES;
				CLANG_ANALYZER_NUMBER_OBJECT_CONVERSION = YES_AGGRESSIVE;
				CLANG_CXX_LANGUAGE_STANDARD = "gnu++20";
				CLANG_ENABLE_MODULES = YES;
				CLANG_ENABLE_OBJC_ARC = YES;
				CLANG_ENABLE_OBJC_WEAK = YES;
				CLANG_WARN_BLOCK_CAPTURE_AUTORELEASING = YES;
				CLANG_WARN_BOOL_CONVERSION = YES;
				CLANG_WARN_COMMA = YES;
				CLANG_WARN_CONSTANT_CONVERSION = YES;
				CLANG_WARN_DEPRECATED_OBJC_IMPLEMENTATIONS = YES;
				CLANG_WARN_DIRECT_OBJC_ISA_USAGE = YES_ERROR;
				CLANG_WARN_DOCUMENTATION_COMMENTS = YES;
				CLANG_WARN_EMPTY_BODY = YES;
				CLANG_WARN_ENUM_CONVERSION = YES;
				CLANG_WARN_INFINITE_RECURSION = YES;
				CLANG_WARN_INT_CONVERSION = YES;
				CLANG_WARN_NON_LITERAL_NULL_CONVERSION = YES;
				CLANG_WARN_OBJC_IMPLICIT_RETAIN_SELF = YES;
				CLANG_WARN_OBJC_LITERAL_CONVERSION = YES;
				CLANG_WARN_OBJC_ROOT_CLASS = YES_ERROR;
				CLANG_WARN_QUOTED_INCLUDE_IN_FRAMEWORK_HEADER = YES;
				CLANG_WARN_RANGE_LOOP_ANALYSIS = YES;
				CLANG_WARN_STRICT_PROTOTYPES = YES;
				CLANG_WARN_SUSPICIOUS_MOVE = YES;
				CLANG_WARN_UNGUARDED_AVAILABILITY = YES_AGGRESSIVE;
				CLANG_WARN_UNREACHABLE_CODE = YES;
				CLANG_WARN__DUPLICATE_METHOD_MATCH = YES;
				COPY_PHASE_STRIP = NO;
				DEBUG_INFORMATION_FORMAT = "dwarf-with-dsym";
				ENABLE_NS_ASSERTIONS = NO;
				ENABLE_STRICT_OBJC_MSGSEND = YES;
				ENABLE_USER_SCRIPT_SANDBOXING = YES;
				GCC_C_LANGUAGE_STANDARD = gnu17;
				GCC_NO_COMMON_BLOCKS = YES;
				GCC_WARN_64_TO_32_BIT_CONVERSION = YES;
				GCC_WARN_ABOUT_RETURN_TYPE = YES_ERROR;
				GCC_WARN_UNDECLARED_SELECTOR = YES;
				GCC_WARN_UNINITIALIZED_AUTOS = YES_AGGRESSIVE;
				GCC_WARN_UNUSED_FUNCTION = YES;
				GCC_WARN_UNUSED_VARIABLE = YES;
				LOCALIZATION_PREFERS_STRING_CATALOGS = YES;
				MTL_ENABLE_DEBUG_INFO = NO;
				MTL_FAST_MATH = YES;
				SWIFT_COMPILATION_MODE = wholemodule;
			};
			name = Release;
		};
		CE2CA3062B4056B1003CAFD7 /* Debug */ = {
			isa = XCBuildConfiguration;
			buildSettings = {
				ASSETCATALOG_COMPILER_APPICON_NAME = AppIcon;
				ASSETCATALOG_COMPILER_GLOBAL_ACCENT_COLOR_NAME = AccentColor;
				CODE_SIGN_ENTITLEMENTS = CONQUER/CONQUER.entitlements;
				CODE_SIGN_STYLE = Automatic;
				CURRENT_PROJECT_VERSION = 1;
				DEVELOPMENT_ASSET_PATHS = "\"CONQUER/Preview Content\"";
				DEVELOPMENT_TEAM = 8G2MG5CVWW;
				ENABLE_HARDENED_RUNTIME = YES;
				ENABLE_PREVIEWS = YES;
				GENERATE_INFOPLIST_FILE = YES;
				INFOPLIST_FILE = CONQUER/Info.plist;
				"INFOPLIST_KEY_UIApplicationSceneManifest_Generation[sdk=iphoneos*]" = YES;
				"INFOPLIST_KEY_UIApplicationSceneManifest_Generation[sdk=iphonesimulator*]" = YES;
				"INFOPLIST_KEY_UIApplicationSupportsIndirectInputEvents[sdk=iphoneos*]" = YES;
				"INFOPLIST_KEY_UIApplicationSupportsIndirectInputEvents[sdk=iphonesimulator*]" = YES;
				"INFOPLIST_KEY_UILaunchScreen_Generation[sdk=iphoneos*]" = YES;
				"INFOPLIST_KEY_UILaunchScreen_Generation[sdk=iphonesimulator*]" = YES;
				"INFOPLIST_KEY_UIStatusBarStyle[sdk=iphoneos*]" = UIStatusBarStyleDefault;
				"INFOPLIST_KEY_UIStatusBarStyle[sdk=iphonesimulator*]" = UIStatusBarStyleDefault;
				INFOPLIST_KEY_UISupportedInterfaceOrientations_iPad = "UIInterfaceOrientationPortrait UIInterfaceOrientationPortraitUpsideDown UIInterfaceOrientationLandscapeLeft UIInterfaceOrientationLandscapeRight";
				INFOPLIST_KEY_UISupportedInterfaceOrientations_iPhone = "UIInterfaceOrientationPortrait UIInterfaceOrientationLandscapeLeft UIInterfaceOrientationLandscapeRight";
				IPHONEOS_DEPLOYMENT_TARGET = 17.0;
				LD_RUNPATH_SEARCH_PATHS = "@executable_path/Frameworks";
				"LD_RUNPATH_SEARCH_PATHS[sdk=macosx*]" = "@executable_path/../Frameworks";
				MACOSX_DEPLOYMENT_TARGET = 14.0;
				MARKETING_VERSION = 1.0;
				PRODUCT_BUNDLE_IDENTIFIER = com.abdulazizs.CONQUER;
				PRODUCT_NAME = "$(TARGET_NAME)";
				SDKROOT = auto;
				SUPPORTED_PLATFORMS = "iphoneos iphonesimulator macosx";
				SWIFT_EMIT_LOC_STRINGS = YES;
				SWIFT_VERSION = 5.0;
				TARGETED_DEVICE_FAMILY = "1,2";
			};
			name = Debug;
		};
		CE2CA3072B4056B1003CAFD7 /* Release */ = {
			isa = XCBuildConfiguration;
			buildSettings = {
				ASSETCATALOG_COMPILER_APPICON_NAME = AppIcon;
				ASSETCATALOG_COMPILER_GLOBAL_ACCENT_COLOR_NAME = AccentColor;
				CODE_SIGN_ENTITLEMENTS = CONQUER/CONQUER.entitlements;
				CODE_SIGN_STYLE = Automatic;
				CURRENT_PROJECT_VERSION = 1;
				DEVELOPMENT_ASSET_PATHS = "\"CONQUER/Preview Content\"";
				DEVELOPMENT_TEAM = 8G2MG5CVWW;
				ENABLE_HARDENED_RUNTIME = YES;
				ENABLE_PREVIEWS = YES;
				GENERATE_INFOPLIST_FILE = YES;
				INFOPLIST_FILE = CONQUER/Info.plist;
				"INFOPLIST_KEY_UIApplicationSceneManifest_Generation[sdk=iphoneos*]" = YES;
				"INFOPLIST_KEY_UIApplicationSceneManifest_Generation[sdk=iphonesimulator*]" = YES;
				"INFOPLIST_KEY_UIApplicationSupportsIndirectInputEvents[sdk=iphoneos*]" = YES;
				"INFOPLIST_KEY_UIApplicationSupportsIndirectInputEvents[sdk=iphonesimulator*]" = YES;
				"INFOPLIST_KEY_UILaunchScreen_Generation[sdk=iphoneos*]" = YES;
				"INFOPLIST_KEY_UILaunchScreen_Generation[sdk=iphonesimulator*]" = YES;
				"INFOPLIST_KEY_UIStatusBarStyle[sdk=iphoneos*]" = UIStatusBarStyleDefault;
				"INFOPLIST_KEY_UIStatusBarStyle[sdk=iphonesimulator*]" = UIStatusBarStyleDefault;
				INFOPLIST_KEY_UISupportedInterfaceOrientations_iPad = "UIInterfaceOrientationPortrait UIInterfaceOrientationPortraitUpsideDown UIInterfaceOrientationLandscapeLeft UIInterfaceOrientationLandscapeRight";
				INFOPLIST_KEY_UISupportedInterfaceOrientations_iPhone = "UIInterfaceOrientationPortrait UIInterfaceOrientationLandscapeLeft UIInterfaceOrientationLandscapeRight";
				IPHONEOS_DEPLOYMENT_TARGET = 17.0;
				LD_RUNPATH_SEARCH_PATHS = "@executable_path/Frameworks";
				"LD_RUNPATH_SEARCH_PATHS[sdk=macosx*]" = "@executable_path/../Frameworks";
				MACOSX_DEPLOYMENT_TARGET = 14.0;
				MARKETING_VERSION = 1.0;
				PRODUCT_BUNDLE_IDENTIFIER = com.abdulazizs.CONQUER;
				PRODUCT_NAME = "$(TARGET_NAME)";
				SDKROOT = auto;
				SUPPORTED_PLATFORMS = "iphoneos iphonesimulator macosx";
				SWIFT_EMIT_LOC_STRINGS = YES;
				SWIFT_VERSION = 5.0;
				TARGETED_DEVICE_FAMILY = "1,2";
			};
			name = Release;
		};
		CE2CA3092B4056B1003CAFD7 /* Debug */ = {
			isa = XCBuildConfiguration;
			buildSettings = {
				ALWAYS_EMBED_SWIFT_STANDARD_LIBRARIES = YES;
				BUNDLE_LOADER = "$(TEST_HOST)";
				CODE_SIGN_STYLE = Automatic;
				CURRENT_PROJECT_VERSION = 1;
				DEVELOPMENT_TEAM = 8G2MG5CVWW;
				GENERATE_INFOPLIST_FILE = YES;
				IPHONEOS_DEPLOYMENT_TARGET = 17.0;
				MACOSX_DEPLOYMENT_TARGET = 14.0;
				MARKETING_VERSION = 1.0;
				PRODUCT_BUNDLE_IDENTIFIER = com.abdulazizs.CONQUERTests;
				PRODUCT_NAME = "$(TARGET_NAME)";
				SDKROOT = auto;
				SUPPORTED_PLATFORMS = "iphoneos iphonesimulator macosx";
				SWIFT_EMIT_LOC_STRINGS = NO;
				SWIFT_VERSION = 5.0;
				TARGETED_DEVICE_FAMILY = "1,2";
				TEST_HOST = "$(BUILT_PRODUCTS_DIR)/CONQUER.app/$(BUNDLE_EXECUTABLE_FOLDER_PATH)/CONQUER";
			};
			name = Debug;
		};
		CE2CA30A2B4056B1003CAFD7 /* Release */ = {
			isa = XCBuildConfiguration;
			buildSettings = {
				ALWAYS_EMBED_SWIFT_STANDARD_LIBRARIES = YES;
				BUNDLE_LOADER = "$(TEST_HOST)";
				CODE_SIGN_STYLE = Automatic;
				CURRENT_PROJECT_VERSION = 1;
				DEVELOPMENT_TEAM = 8G2MG5CVWW;
				GENERATE_INFOPLIST_FILE = YES;
				IPHONEOS_DEPLOYMENT_TARGET = 17.0;
				MACOSX_DEPLOYMENT_TARGET = 14.0;
				MARKETING_VERSION = 1.0;
				PRODUCT_BUNDLE_IDENTIFIER = com.abdulazizs.CONQUERTests;
				PRODUCT_NAME = "$(TARGET_NAME)";
				SDKROOT = auto;
				SUPPORTED_PLATFORMS = "iphoneos iphonesimulator macosx";
				SWIFT_EMIT_LOC_STRINGS = NO;
				SWIFT_VERSION = 5.0;
				TARGETED_DEVICE_FAMILY = "1,2";
				TEST_HOST = "$(BUILT_PRODUCTS_DIR)/CONQUER.app/$(BUNDLE_EXECUTABLE_FOLDER_PATH)/CONQUER";
			};
			name = Release;
		};
		CE2CA30C2B4056B1003CAFD7 /* Debug */ = {
			isa = XCBuildConfiguration;
			buildSettings = {
				ALWAYS_EMBED_SWIFT_STANDARD_LIBRARIES = YES;
				CODE_SIGN_STYLE = Automatic;
				CURRENT_PROJECT_VERSION = 1;
				DEVELOPMENT_TEAM = 8G2MG5CVWW;
				GENERATE_INFOPLIST_FILE = YES;
				IPHONEOS_DEPLOYMENT_TARGET = 17.0;
				MACOSX_DEPLOYMENT_TARGET = 14.0;
				MARKETING_VERSION = 1.0;
				PRODUCT_BUNDLE_IDENTIFIER = com.abdulazizs.CONQUERUITests;
				PRODUCT_NAME = "$(TARGET_NAME)";
				SDKROOT = auto;
				SUPPORTED_PLATFORMS = "iphoneos iphonesimulator macosx";
				SWIFT_EMIT_LOC_STRINGS = NO;
				SWIFT_VERSION = 5.0;
				TARGETED_DEVICE_FAMILY = "1,2";
				TEST_TARGET_NAME = CONQUER;
			};
			name = Debug;
		};
		CE2CA30D2B4056B1003CAFD7 /* Release */ = {
			isa = XCBuildConfiguration;
			buildSettings = {
				ALWAYS_EMBED_SWIFT_STANDARD_LIBRARIES = YES;
				CODE_SIGN_STYLE = Automatic;
				CURRENT_PROJECT_VERSION = 1;
				DEVELOPMENT_TEAM = 8G2MG5CVWW;
				GENERATE_INFOPLIST_FILE = YES;
				IPHONEOS_DEPLOYMENT_TARGET = 17.0;
				MACOSX_DEPLOYMENT_TARGET = 14.0;
				MARKETING_VERSION = 1.0;
				PRODUCT_BUNDLE_IDENTIFIER = com.abdulazizs.CONQUERUITests;
				PRODUCT_NAME = "$(TARGET_NAME)";
				SDKROOT = auto;
				SUPPORTED_PLATFORMS = "iphoneos iphonesimulator macosx";
				SWIFT_EMIT_LOC_STRINGS = NO;
				SWIFT_VERSION = 5.0;
				TARGETED_DEVICE_FAMILY = "1,2";
				TEST_TARGET_NAME = CONQUER;
			};
			name = Release;
		};
/* End XCBuildConfiguration section */

/* Begin XCConfigurationList section */
		CE2CA2D82B4056AF003CAFD7 /* Build configuration list for PBXProject "CONQUER" */ = {
			isa = XCConfigurationList;
			buildConfigurations = (
				CE2CA3032B4056B1003CAFD7 /* Debug */,
				CE2CA3042B4056B1003CAFD7 /* Release */,
			);
			defaultConfigurationIsVisible = 0;
			defaultConfigurationName = Release;
		};
		CE2CA3052B4056B1003CAFD7 /* Build configuration list for PBXNativeTarget "CONQUER" */ = {
			isa = XCConfigurationList;
			buildConfigurations = (
				CE2CA3062B4056B1003CAFD7 /* Debug */,
				CE2CA3072B4056B1003CAFD7 /* Release */,
			);
			defaultConfigurationIsVisible = 0;
			defaultConfigurationName = Release;
		};
		CE2CA3082B4056B1003CAFD7 /* Build configuration list for PBXNativeTarget "CONQUERTests" */ = {
			isa = XCConfigurationList;
			buildConfigurations = (
				CE2CA3092B4056B1003CAFD7 /* Debug */,
				CE2CA30A2B4056B1003CAFD7 /* Release */,
			);
			defaultConfigurationIsVisible = 0;
			defaultConfigurationName = Release;
		};
		CE2CA30B2B4056B1003CAFD7 /* Build configuration list for PBXNativeTarget "CONQUERUITests" */ = {
			isa = XCConfigurationList;
			buildConfigurations = (
				CE2CA30C2B4056B1003CAFD7 /* Debug */,
				CE2CA30D2B4056B1003CAFD7 /* Release */,
			);
			defaultConfigurationIsVisible = 0;
			defaultConfigurationName = Release;
		};
/* End XCConfigurationList section */
	};
	rootObject = CE2CA2D52B4056AF003CAFD7 /* Project object */;
}
